// !$*UTF8*$!
{
	archiveVersion = 1;
	classes = {
	};
	objectVersion = 55;
	objects = {

/* Begin PBXBuildFile section */
		76179F9D2DC9CCEC0023D8F2 /* AuthManager.swift in Sources */ = {isa = PBXBuildFile; fileRef = 76179F9A2DC9CCEC0023D8F2 /* AuthManager.swift */; };
		76179F9E2DC9CCEC0023D8F2 /* Constants.swift in Sources */ = {isa = PBXBuildFile; fileRef = 76179F9B2DC9CCEC0023D8F2 /* Constants.swift */; };
		76179FA62DC9CD070023D8F2 /* RegisterView.swift in Sources */ = {isa = PBXBuildFile; fileRef = 76179FA32DC9CD070023D8F2 /* RegisterView.swift */; };
		76179FA82DC9CD070023D8F2 /* WelcomeView.swift in Sources */ = {isa = PBXBuildFile; fileRef = 76179FA42DC9CD070023D8F2 /* WelcomeView.swift */; };
		76179FA92DC9CD070023D8F2 /* MinaLogo.swift in Sources */ = {isa = PBXBuildFile; fileRef = 76179FA02DC9CD070023D8F2 /* MinaLogo.swift */; };
		76179FAC2DCC62BC0023D8F2 /* FirebaseAuth in Frameworks */ = {isa = PBXBuildFile; productRef = 76179FAB2DCC62BC0023D8F2 /* FirebaseAuth */; };
		76179FAE2DCC62BC0023D8F2 /* FirebaseCore in Frameworks */ = {isa = PBXBuildFile; productRef = 76179FAD2DCC62BC0023D8F2 /* FirebaseCore */; };
		76179FB02DCC62BC0023D8F2 /* FirebaseDatabase in Frameworks */ = {isa = PBXBuildFile; productRef = 76179FAF2DCC62BC0023D8F2 /* FirebaseDatabase */; };
		76179FB22DCC62BC0023D8F2 /* FirebaseStorage in Frameworks */ = {isa = PBXBuildFile; productRef = 76179FB12DCC62BC0023D8F2 /* FirebaseStorage */; };
		76179FB42DCC77860023D8F2 /* GoogleService-Info.plist in Resources */ = {isa = PBXBuildFile; fileRef = 76179FB32DCC77860023D8F2 /* GoogleService-Info.plist */; };
		76179FB62DCDB4A80023D8F2 /* FirebaseFirestore in Frameworks */ = {isa = PBXBuildFile; productRef = 76179FB52DCDB4A80023D8F2 /* FirebaseFirestore */; };
		768792452DCFDEA600BEA9BF /* AddPhotosView.swift in Sources */ = {isa = PBXBuildFile; fileRef = 768792442DCFDEA600BEA9BF /* AddPhotosView.swift */; };
		8A1B2C3D4E5F6A7B8C9D0E1F /* MinaApp.swift in Sources */ = {isa = PBXBuildFile; fileRef = 8A1B2C3D4E5F6A7B8C9D0E2F /* MinaApp.swift */; };
		8A1B2C3D4E5F6A7B8C9D0E3F /* WelcomeView.swift in Sources */ = {isa = PBXBuildFile; fileRef = 8A1B2C3D4E5F6A7B8C9D0E4F /* WelcomeView.swift */; };
		8A1B2C3D4E5F6A7B8C9D0E5F /* Assets.xcassets in Resources */ = {isa = PBXBuildFile; fileRef = 8A1B2C3D4E5F6A7B8C9D0E6F /* Assets.xcassets */; };
		8A1B2C3D4E5F6A7B8C9D0E7F /* Preview Assets.xcassets in Resources */ = {isa = PBXBuildFile; fileRef = 8A1B2C3D4E5F6A7B8C9D0E8F /* Preview Assets.xcassets */; };
		8A1B2C3D4E5F6A7B8C9D0E9F /* User.swift in Sources */ = {isa = PBXBuildFile; fileRef = 8A1B2C3D4E5F6A7B8C9D0EAF /* User.swift */; };
		8A1B2C3D4E5F6A7B8C9D0EBF /* AuthManager.swift in Sources */ = {isa = PBXBuildFile; fileRef = 8A1B2C3D4E5F6A7B8C9D0ECF /* AuthManager.swift */; };
		8A1B2C3D4E5F6A7B8C9D0EDF /* Constants.swift in Sources */ = {isa = PBXBuildFile; fileRef = 8A1B2C3D4E5F6A7B8C9D0EEF /* Constants.swift */; };
		8A1B2C3D4E5F6A7B8C9D0F1F /* MinaLogo.swift in Sources */ = {isa = PBXBuildFile; fileRef = 8A1B2C3D4E5F6A7B8C9D0F2F /* MinaLogo.swift */; };
/* End PBXBuildFile section */

/* Begin PBXFileReference section */
		76179F9A2DC9CCEC0023D8F2 /* AuthManager.swift */ = {isa = PBXFileReference; lastKnownFileType = sourcecode.swift; path = AuthManager.swift; sourceTree = "<group>"; };
		76179F9B2DC9CCEC0023D8F2 /* Constants.swift */ = {isa = PBXFileReference; lastKnownFileType = sourcecode.swift; path = Constants.swift; sourceTree = "<group>"; };
		76179FA02DC9CD070023D8F2 /* MinaLogo.swift */ = {isa = PBXFileReference; lastKnownFileType = sourcecode.swift; path = MinaLogo.swift; sourceTree = "<group>"; };
		76179FA32DC9CD070023D8F2 /* RegisterView.swift */ = {isa = PBXFileReference; lastKnownFileType = sourcecode.swift; path = RegisterView.swift; sourceTree = "<group>"; };
		76179FA42DC9CD070023D8F2 /* WelcomeView.swift */ = {isa = PBXFileReference; lastKnownFileType = sourcecode.swift; path = WelcomeView.swift; sourceTree = "<group>"; };
		76179FB32DCC77860023D8F2 /* GoogleService-Info.plist */ = {isa = PBXFileReference; lastKnownFileType = text.plist.xml; path = "GoogleService-Info.plist"; sourceTree = "<group>"; };
		768792442DCFDEA600BEA9BF /* AddPhotosView.swift */ = {isa = PBXFileReference; lastKnownFileType = sourcecode.swift; path = AddPhotosView.swift; sourceTree = "<group>"; };
		8A1B2C3D4E5F6A7B8C9D0E0F /* Mina.app */ = {isa = PBXFileReference; explicitFileType = wrapper.application; includeInIndex = 0; path = Mina.app; sourceTree = BUILT_PRODUCTS_DIR; };
		8A1B2C3D4E5F6A7B8C9D0E2F /* MinaApp.swift */ = {isa = PBXFileReference; lastKnownFileType = sourcecode.swift; path = MinaApp.swift; sourceTree = "<group>"; };
		8A1B2C3D4E5F6A7B8C9D0E4F /* WelcomeView.swift */ = {isa = PBXFileReference; lastKnownFileType = sourcecode.swift; name = WelcomeView.swift; path = Views/WelcomeView.swift; sourceTree = "<group>"; };
		8A1B2C3D4E5F6A7B8C9D0E6F /* Assets.xcassets */ = {isa = PBXFileReference; lastKnownFileType = folder.assetcatalog; name = Assets.xcassets; path = Resources/Assets.xcassets; sourceTree = "<group>"; };
		8A1B2C3D4E5F6A7B8C9D0E8F /* Preview Assets.xcassets */ = {isa = PBXFileReference; lastKnownFileType = folder.assetcatalog; path = "Preview Assets.xcassets"; sourceTree = "<group>"; };
		8A1B2C3D4E5F6A7B8C9D0EAF /* User.swift */ = {isa = PBXFileReference; lastKnownFileType = sourcecode.swift; name = User.swift; path = Models/User.swift; sourceTree = "<group>"; };
		8A1B2C3D4E5F6A7B8C9D0ECF /* AuthManager.swift */ = {isa = PBXFileReference; lastKnownFileType = sourcecode.swift; name = AuthManager.swift; path = Helpers/AuthManager.swift; sourceTree = "<group>"; };
		8A1B2C3D4E5F6A7B8C9D0EEF /* Constants.swift */ = {isa = PBXFileReference; lastKnownFileType = sourcecode.swift; name = Constants.swift; path = Helpers/Constants.swift; sourceTree = "<group>"; };
		8A1B2C3D4E5F6A7B8C9D0F2F /* MinaLogo.swift */ = {isa = PBXFileReference; lastKnownFileType = sourcecode.swift; name = MinaLogo.swift; path = Views/Components/MinaLogo.swift; sourceTree = "<group>"; };
		8A1B2C3D4E5F6A7B8C9D0F5F /* Info.plist */ = {isa = PBXFileReference; lastKnownFileType = text.plist.xml; path = Info.plist; sourceTree = "<group>"; };
/* End PBXFileReference section */

/* Begin PBXFrameworksBuildPhase section */
		8A1B2C3D4E5F6A7B8C9D0F6F /* Frameworks */ = {
			isa = PBXFrameworksBuildPhase;
			buildActionMask = 2147483647;
			files = (
				76179FAE2DCC62BC0023D8F2 /* FirebaseCore in Frameworks */,
				76179FB02DCC62BC0023D8F2 /* FirebaseDatabase in Frameworks */,
				76179FB22DCC62BC0023D8F2 /* FirebaseStorage in Frameworks */,
				76179FB62DCDB4A80023D8F2 /* FirebaseFirestore in Frameworks */,
				76179FAC2DCC62BC0023D8F2 /* FirebaseAuth in Frameworks */,
			);
			runOnlyForDeploymentPostprocessing = 0;
		};
/* End PBXFrameworksBuildPhase section */

/* Begin PBXGroup section */
		76179F9C2DC9CCEC0023D8F2 /* Helpers */ = {
			isa = PBXGroup;
			children = (
				76179F9A2DC9CCEC0023D8F2 /* AuthManager.swift */,
				76179F9B2DC9CCEC0023D8F2 /* Constants.swift */,
			);
			path = Helpers;
			sourceTree = "<group>";
		};
		76179FA22DC9CD070023D8F2 /* Components */ = {
			isa = PBXGroup;
			children = (
				768792442DCFDEA600BEA9BF /* AddPhotosView.swift */,
				76179FA02DC9CD070023D8F2 /* MinaLogo.swift */,
			);
			path = Components;
			sourceTree = "<group>";
		};
		76179FA52DC9CD070023D8F2 /* Views */ = {
			isa = PBXGroup;
			children = (
				76179FA22DC9CD070023D8F2 /* Components */,
				76179FA32DC9CD070023D8F2 /* RegisterView.swift */,
				76179FA42DC9CD070023D8F2 /* WelcomeView.swift */,
			);
			path = Views;
			sourceTree = "<group>";
		};
		8A1B2C3D4E5F6A7B8C9D0F7F = {
			isa = PBXGroup;
			children = (
				8A1B2C3D4E5F6A7B8C9D0F9F /* Mina */,
				8A1B2C3D4E5F6A7B8C9D0F8F /* Products */,
			);
			sourceTree = "<group>";
		};
		8A1B2C3D4E5F6A7B8C9D0F8F /* Products */ = {
			isa = PBXGroup;
			children = (
				8A1B2C3D4E5F6A7B8C9D0E0F /* Mina.app */,
			);
			name = Products;
			sourceTree = "<group>";
		};
		8A1B2C3D4E5F6A7B8C9D0F9F /* Mina */ = {
			isa = PBXGroup;
			children = (
				76179FB32DCC77860023D8F2 /* GoogleService-Info.plist */,
				76179FA52DC9CD070023D8F2 /* Views */,
				76179F9C2DC9CCEC0023D8F2 /* Helpers */,
				8A1B2C3D4E5F6A7B8C9D0E2F /* MinaApp.swift */,
				8A1B2C3D4E5F6A7B8C9D0F5F /* Info.plist */,
				8A1B2C3D4E5F6A7B8C9D0EAF /* User.swift */,
				8A1B2C3D4E5F6A7B8C9D0E4F /* WelcomeView.swift */,
				8A1B2C3D4E5F6A7B8C9D0F2F /* MinaLogo.swift */,
				8A1B2C3D4E5F6A7B8C9D0ECF /* AuthManager.swift */,
				8A1B2C3D4E5F6A7B8C9D0EEF /* Constants.swift */,
				8A1B2C3D4E5F6A7B8C9D0E6F /* Assets.xcassets */,
				8A1B2C3D4E5F6A7B8C9D0FAF /* Preview Content */,
			);
			path = Mina;
			sourceTree = "<group>";
		};
		8A1B2C3D4E5F6A7B8C9D0FAF /* Preview Content */ = {
			isa = PBXGroup;
			children = (
				8A1B2C3D4E5F6A7B8C9D0E8F /* Preview Assets.xcassets */,
			);
			path = "Preview Content";
			sourceTree = "<group>";
		};
/* End PBXGroup section */

/* Begin PBXNativeTarget section */
		8A1B2C3D4E5F6A7B8C9D0FCF /* Mina */ = {
			isa = PBXNativeTarget;
			buildConfigurationList = 8A1B2C3D4E5F6A7B8C9D0FDF /* Build configuration list for PBXNativeTarget "Mina" */;
			buildPhases = (
				8A1B2C3D4E5F6A7B8C9D0F6F /* Frameworks */,
				8A1B2C3D4E5F6A7B8C9D0FBF /* Sources */,
				8A1B2C3D4E5F6A7B8C9D0FFF /* Resources */,
			);
			buildRules = (
			);
			dependencies = (
			);
			name = Mina;
			productName = Mina;
			productReference = 8A1B2C3D4E5F6A7B8C9D0E0F /* Mina.app */;
			productType = "com.apple.product-type.application";
		};
/* End PBXNativeTarget section */

/* Begin PBXProject section */
		8A1B2C3D4E5F6A7B8C9D100F /* Project object */ = {
			isa = PBXProject;
			attributes = {
				BuildIndependentTargetsInParallel = 1;
				LastSwiftUpdateCheck = 1330;
				LastUpgradeCheck = 1330;
				TargetAttributes = {
					8A1B2C3D4E5F6A7B8C9D0FCF = {
						CreatedOnToolsVersion = 13.3;
					};
				};
			};
			buildConfigurationList = 8A1B2C3D4E5F6A7B8C9D101F /* Build configuration list for PBXProject "Mina" */;
			compatibilityVersion = "Xcode 13.0";
			developmentRegion = en;
			hasScannedForEncodings = 0;
			knownRegions = (
				en,
				Base,
			);
			mainGroup = 8A1B2C3D4E5F6A7B8C9D0F7F;
			packageReferences = (
				76179FAA2DCC62BC0023D8F2 /* XCRemoteSwiftPackageReference "firebase-ios-sdk" */,
			);
			productRefGroup = 8A1B2C3D4E5F6A7B8C9D0F8F /* Products */;
			projectDirPath = "";
			projectRoot = "";
			targets = (
				8A1B2C3D4E5F6A7B8C9D0FCF /* Mina */,
			);
		};
/* End PBXProject section */

/* Begin PBXResourcesBuildPhase section */
		8A1B2C3D4E5F6A7B8C9D0FFF /* Resources */ = {
			isa = PBXResourcesBuildPhase;
			buildActionMask = 2147483647;
			files = (
				8A1B2C3D4E5F6A7B8C9D0E7F /* Preview Assets.xcassets in Resources */,
				8A1B2C3D4E5F6A7B8C9D0E5F /* Assets.xcassets in Resources */,
				76179FB42DCC77860023D8F2 /* GoogleService-Info.plist in Resources */,
			);
			runOnlyForDeploymentPostprocessing = 0;
		};
/* End PBXResourcesBuildPhase section */

/* Begin PBXSourcesBuildPhase section */
		8A1B2C3D4E5F6A7B8C9D0FBF /* Sources */ = {
			isa = PBXSourcesBuildPhase;
			buildActionMask = 2147483647;
			files = (
				8A1B2C3D4E5F6A7B8C9D0F1F /* MinaLogo.swift in Sources */,
				8A1B2C3D4E5F6A7B8C9D0E3F /* WelcomeView.swift in Sources */,
				8A1B2C3D4E5F6A7B8C9D0E1F /* MinaApp.swift in Sources */,
				768792452DCFDEA600BEA9BF /* AddPhotosView.swift in Sources */,
				8A1B2C3D4E5F6A7B8C9D0E9F /* User.swift in Sources */,
				76179FA62DC9CD070023D8F2 /* RegisterView.swift in Sources */,
				76179FA82DC9CD070023D8F2 /* WelcomeView.swift in Sources */,
				76179FA92DC9CD070023D8F2 /* MinaLogo.swift in Sources */,
				8A1B2C3D4E5F6A7B8C9D0EBF /* AuthManager.swift in Sources */,
				8A1B2C3D4E5F6A7B8C9D0EDF /* Constants.swift in Sources */,
				76179F9D2DC9CCEC0023D8F2 /* AuthManager.swift in Sources */,
				76179F9E2DC9CCEC0023D8F2 /* Constants.swift in Sources */,
			);
			runOnlyForDeploymentPostprocessing = 0;
		};
/* End PBXSourcesBuildPhase section */

/* Begin XCBuildConfiguration section */
		8A1B2C3D4E5F6A7B8C9D102F /* Debug */ = {
			isa = XCBuildConfiguration;
			buildSettings = {
				ALWAYS_SEARCH_USER_PATHS = NO;
				CLANG_ANALYZER_NONNULL = YES;
				CLANG_ANALYZER_NUMBER_OBJECT_CONVERSION = YES_AGGRESSIVE;
				CLANG_CXX_LANGUAGE_STANDARD = "gnu++17";
				CLANG_ENABLE_MODULES = YES;
				CLANG_ENABLE_OBJC_ARC = YES;
				CLANG_ENABLE_OBJC_WEAK = YES;
				CLANG_WARN_BLOCK_CAPTURE_AUTORELEASING = YES;
				CLANG_WARN_BOOL_CONVERSION = YES;
				CLANG_WARN_COMMA = YES;
				CLANG_WARN_CONSTANT_CONVERSION = YES;
				CLANG_WARN_DEPRECATED_OBJC_IMPLEMENTATIONS = YES;
				CLANG_WARN_DIRECT_OBJC_ISA_USAGE = YES_ERROR;
				CLANG_WARN_DOCUMENTATION_COMMENTS = YES;
				CLANG_WARN_EMPTY_BODY = YES;
				CLANG_WARN_ENUM_CONVERSION = YES;
				CLANG_WARN_INFINITE_RECURSION = YES;
				CLANG_WARN_INT_CONVERSION = YES;
				CLANG_WARN_NON_LITERAL_NULL_CONVERSION = YES;
				CLANG_WARN_OBJC_IMPLICIT_RETAIN_SELF = YES;
				CLANG_WARN_OBJC_LITERAL_CONVERSION = YES;
				CLANG_WARN_OBJC_ROOT_CLASS = YES_ERROR;
				CLANG_WARN_QUOTED_INCLUDE_IN_FRAMEWORK_HEADER = YES;
				CLANG_WARN_RANGE_LOOP_ANALYSIS = YES;
				CLANG_WARN_STRICT_PROTOTYPES = YES;
				CLANG_WARN_SUSPICIOUS_MOVE = YES;
				CLANG_WARN_UNGUARDED_AVAILABILITY = YES_AGGRESSIVE;
				CLANG_WARN_UNREACHABLE_CODE = YES;
				CLANG_WARN__DUPLICATE_METHOD_MATCH = YES;
				COPY_PHASE_STRIP = NO;
				DEBUG_INFORMATION_FORMAT = dwarf;
				ENABLE_STRICT_OBJC_MSGSEND = YES;
				ENABLE_TESTABILITY = YES;
				GCC_C_LANGUAGE_STANDARD = gnu11;
				GCC_DYNAMIC_NO_PIC = NO;
				GCC_NO_COMMON_BLOCKS = YES;
				GCC_OPTIMIZATION_LEVEL = 0;
				GCC_PREPROCESSOR_DEFINITIONS = (
					"DEBUG=1",
					"$(inherited)",
				);
				GCC_WARN_64_TO_32_BIT_CONVERSION = YES;
				GCC_WARN_ABOUT_RETURN_TYPE = YES_ERROR;
				GCC_WARN_UNDECLARED_SELECTOR = YES;
				GCC_WARN_UNINITIALIZED_AUTOS = YES_AGGRESSIVE;
				GCC_WARN_UNUSED_FUNCTION = YES;
				GCC_WARN_UNUSED_VARIABLE = YES;
				IPHONEOS_DEPLOYMENT_TARGET = 15.0;
				MTL_ENABLE_DEBUG_INFO = INCLUDE_SOURCE;
				MTL_FAST_MATH = YES;
				ONLY_ACTIVE_ARCH = YES;
				SDKROOT = iphoneos;
				SWIFT_ACTIVE_COMPILATION_CONDITIONS = DEBUG;
				SWIFT_OPTIMIZATION_LEVEL = "-Onone";
			};
			name = Debug;
		};
		8A1B2C3D4E5F6A7B8C9D103F /* Release */ = {
			isa = XCBuildConfiguration;
			buildSettings = {
				ALWAYS_SEARCH_USER_PATHS = NO;
				CLANG_ANALYZER_NONNULL = YES;
				CLANG_ANALYZER_NUMBER_OBJECT_CONVERSION = YES_AGGRESSIVE;
				CLANG_CXX_LANGUAGE_STANDARD = "gnu++17";
				CLANG_ENABLE_MODULES = YES;
				CLANG_ENABLE_OBJC_ARC = YES;
				CLANG_ENABLE_OBJC_WEAK = YES;
				CLANG_WARN_BLOCK_CAPTURE_AUTORELEASING = YES;
				CLANG_WARN_BOOL_CONVERSION = YES;
				CLANG_WARN_COMMA = YES;
				CLANG_WARN_CONSTANT_CONVERSION = YES;
				CLANG_WARN_DEPRECATED_OBJC_IMPLEMENTATIONS = YES;
				CLANG_WARN_DIRECT_OBJC_ISA_USAGE = YES_ERROR;
				CLANG_WARN_DOCUMENTATION_COMMENTS = YES;
				CLANG_WARN_EMPTY_BODY = YES;
				CLANG_WARN_ENUM_CONVERSION = YES;
				CLANG_WARN_INFINITE_RECURSION = YES;
				CLANG_WARN_INT_CONVERSION = YES;
				CLANG_WARN_NON_LITERAL_NULL_CONVERSION = YES;
				CLANG_WARN_OBJC_IMPLICIT_RETAIN_SELF = YES;
				CLANG_WARN_OBJC_LITERAL_CONVERSION = YES;
				CLANG_WARN_OBJC_ROOT_CLASS = YES_ERROR;
				CLANG_WARN_QUOTED_INCLUDE_IN_FRAMEWORK_HEADER = YES;
				CLANG_WARN_RANGE_LOOP_ANALYSIS = YES;
				CLANG_WARN_STRICT_PROTOTYPES = YES;
				CLANG_WARN_SUSPICIOUS_MOVE = YES;
				CLANG_WARN_UNGUARDED_AVAILABILITY = YES_AGGRESSIVE;
				CLANG_WARN_UNREACHABLE_CODE = YES;
				CLANG_WARN__DUPLICATE_METHOD_MATCH = YES;
				COPY_PHASE_STRIP = NO;
				DEBUG_INFORMATION_FORMAT = "dwarf-with-dsym";
				ENABLE_NS_ASSERTIONS = NO;
				ENABLE_STRICT_OBJC_MSGSEND = YES;
				GCC_C_LANGUAGE_STANDARD = gnu11;
				GCC_NO_COMMON_BLOCKS = YES;
				GCC_WARN_64_TO_32_BIT_CONVERSION = YES;
				GCC_WARN_ABOUT_RETURN_TYPE = YES_ERROR;
				GCC_WARN_UNDECLARED_SELECTOR = YES;
				GCC_WARN_UNINITIALIZED_AUTOS = YES_AGGRESSIVE;
				GCC_WARN_UNUSED_FUNCTION = YES;
				GCC_WARN_UNUSED_VARIABLE = YES;
				IPHONEOS_DEPLOYMENT_TARGET = 15.0;
				MTL_ENABLE_DEBUG_INFO = NO;
				MTL_FAST_MATH = YES;
				SDKROOT = iphoneos;
				SWIFT_COMPILATION_MODE = wholemodule;
				SWIFT_OPTIMIZATION_LEVEL = "-O";
				VALIDATE_PRODUCT = YES;
			};
			name = Release;
		};
		8A1B2C3D4E5F6A7B8C9D104F /* Debug */ = {
			isa = XCBuildConfiguration;
			buildSettings = {
				ASSETCATALOG_COMPILER_APPICON_NAME = AppIcon;
				ASSETCATALOG_COMPILER_GLOBAL_ACCENT_COLOR_NAME = AccentColor;
				CODE_SIGN_STYLE = Automatic;
				CURRENT_PROJECT_VERSION = 1;
				DEVELOPMENT_ASSET_PATHS = "\"Mina/Preview Content\"";
				ENABLE_PREVIEWS = YES;
				GENERATE_INFOPLIST_FILE = YES;
				INFOPLIST_FILE = Mina/Info.plist;
				INFOPLIST_KEY_UIApplicationSceneManifest_Generation = YES;
				INFOPLIST_KEY_UIApplicationSupportsIndirectInputEvents = YES;
				INFOPLIST_KEY_UILaunchScreen_Generation = YES;
				INFOPLIST_KEY_UISupportedInterfaceOrientations_iPad = "UIInterfaceOrientationPortrait UIInterfaceOrientationPortraitUpsideDown UIInterfaceOrientationLandscapeLeft UIInterfaceOrientationLandscapeRight";
				INFOPLIST_KEY_UISupportedInterfaceOrientations_iPhone = "UIInterfaceOrientationPortrait UIInterfaceOrientationLandscapeLeft UIInterfaceOrientationLandscapeRight";
				LD_RUNPATH_SEARCH_PATHS = (
					"$(inherited)",
					"@executable_path/Frameworks",
				);
				MARKETING_VERSION = 1.0;
				PRODUCT_BUNDLE_IDENTIFIER = com.mina.app;
				PRODUCT_NAME = "$(TARGET_NAME)";
				SWIFT_EMIT_LOC_STRINGS = YES;
				SWIFT_VERSION = 5.0;
				TARGETED_DEVICE_FAMILY = "1,2";
			};
			name = Debug;
		};
		8A1B2C3D4E5F6A7B8C9D105F /* Release */ = {
			isa = XCBuildConfiguration;
			buildSettings = {
				ASSETCATALOG_COMPILER_APPICON_NAME = AppIcon;
				ASSETCATALOG_COMPILER_GLOBAL_ACCENT_COLOR_NAME = AccentColor;
				CODE_SIGN_STYLE = Automatic;
				CURRENT_PROJECT_VERSION = 1;
				DEVELOPMENT_ASSET_PATHS = "\"Mina/Preview Content\"";
				ENABLE_PREVIEWS = YES;
				GENERATE_INFOPLIST_FILE = YES;
				INFOPLIST_FILE = Mina/Info.plist;
				INFOPLIST_KEY_UIApplicationSceneManifest_Generation = YES;
				INFOPLIST_KEY_UIApplicationSupportsIndirectInputEvents = YES;
				INFOPLIST_KEY_UILaunchScreen_Generation = YES;
				INFOPLIST_KEY_UISupportedInterfaceOrientations_iPad = "UIInterfaceOrientationPortrait UIInterfaceOrientationPortraitUpsideDown UIInterfaceOrientationLandscapeLeft UIInterfaceOrientationLandscapeRight";
				INFOPLIST_KEY_UISupportedInterfaceOrientations_iPhone = "UIInterfaceOrientationPortrait UIInterfaceOrientationLandscapeLeft UIInterfaceOrientationLandscapeRight";
				LD_RUNPATH_SEARCH_PATHS = (
					"$(inherited)",
					"@executable_path/Frameworks",
				);
				MARKETING_VERSION = 1.0;
				PRODUCT_BUNDLE_IDENTIFIER = com.mina.app;
				PRODUCT_NAME = "$(TARGET_NAME)";
				SWIFT_EMIT_LOC_STRINGS = YES;
				SWIFT_VERSION = 5.0;
				TARGETED_DEVICE_FAMILY = "1,2";
			};
			name = Release;
		};
/* End XCBuildConfiguration section */

/* Begin XCConfigurationList section */
		8A1B2C3D4E5F6A7B8C9D0FDF /* Build configuration list for PBXNativeTarget "Mina" */ = {
			isa = XCConfigurationList;
			buildConfigurations = (
				8A1B2C3D4E5F6A7B8C9D104F /* Debug */,
				8A1B2C3D4E5F6A7B8C9D105F /* Release */,
			);
			defaultConfigurationIsVisible = 0;
			defaultConfigurationName = Release;
		};
		8A1B2C3D4E5F6A7B8C9D101F /* Build configuration list for PBXProject "Mina" */ = {
			isa = XCConfigurationList;
			buildConfigurations = (
				8A1B2C3D4E5F6A7B8C9D102F /* Debug */,
				8A1B2C3D4E5F6A7B8C9D103F /* Release */,
			);
			defaultConfigurationIsVisible = 0;
			defaultConfigurationName = Release;
		};
/* End XCConfigurationList section */

/* Begin XCRemoteSwiftPackageReference section */
		76179FAA2DCC62BC0023D8F2 /* XCRemoteSwiftPackageReference "firebase-ios-sdk" */ = {
			isa = XCRemoteSwiftPackageReference;
			repositoryURL = "https://github.com/firebase/firebase-ios-sdk";
			requirement = {
				kind = upToNextMajorVersion;
				minimumVersion = 11.12.0;
			};
		};
/* End XCRemoteSwiftPackageReference section */

/* Begin XCSwiftPackageProductDependency section */
		76179FAB2DCC62BC0023D8F2 /* FirebaseAuth */ = {
			isa = XCSwiftPackageProductDependency;
			package = 76179FAA2DCC62BC0023D8F2 /* XCRemoteSwiftPackageReference "firebase-ios-sdk" */;
			productName = FirebaseAuth;
		};
		76179FAD2DCC62BC0023D8F2 /* FirebaseCore */ = {
			isa = XCSwiftPackageProductDependency;
			package = 76179FAA2DCC62BC0023D8F2 /* XCRemoteSwiftPackageReference "firebase-ios-sdk" */;
			productName = FirebaseCore;
		};
		76179FAF2DCC62BC0023D8F2 /* FirebaseDatabase */ = {
			isa = XCSwiftPackageProductDependency;
			package = 76179FAA2DCC62BC0023D8F2 /* XCRemoteSwiftPackageReference "firebase-ios-sdk" */;
			productName = FirebaseDatabase;
		};
		76179FB12DCC62BC0023D8F2 /* FirebaseStorage */ = {
			isa = XCSwiftPackageProductDependency;
			package = 76179FAA2DCC62BC0023D8F2 /* XCRemoteSwiftPackageReference "firebase-ios-sdk" */;
			productName = FirebaseStorage;
		};
		76179FB52DCDB4A80023D8F2 /* FirebaseFirestore */ = {
			isa = XCSwiftPackageProductDependency;
			package = 76179FAA2DCC62BC0023D8F2 /* XCRemoteSwiftPackageReference "firebase-ios-sdk" */;
			productName = FirebaseFirestore;
		};
/* End XCSwiftPackageProductDependency section */
	};
	rootObject = 8A1B2C3D4E5F6A7B8C9D100F /* Project object */;
}
